
Microsoft Visual Studio Solution File, Format Version 12.00
# Visual Studio Version 17
VisualStudioVersion = 17.7.34031.279
MinimumVisualStudioVersion = 10.0.40219.1
Project("{9A19103F-16F7-4668-BE54-9A1E7A4F7556}") = "TestConsole", "TestConsole\TestConsole.csproj", "{8212421E-015F-4517-AB47-3CD40F3B28F1}"
EndProject
Project("{9A19103F-16F7-4668-BE54-9A1E7A4F7556}") = "TestWinForm", "TestWinForm\TestWinForm.csproj", "{34126F69-5524-4E9B-B0E2-9521F6652F27}"
EndProject
Project("{9A19103F-16F7-4668-BE54-9A1E7A4F7556}") = "Lydong.Rpa.Windows", "Lydong.Rpa.Windows\Lydong.Rpa.Windows.csproj", "{F8388C6B-DA1C-4C70-8F69-23A83A161F40}"
EndProject
Global
	GlobalSection(SolutionConfigurationPlatforms) = preSolution
		Debug|Any CPU = Debug|Any CPU
		Release|Any CPU = Release|Any CPU
	EndGlobalSection
	GlobalSection(ProjectConfigurationPlatforms) = postSolution
		{8212421E-015F-4517-AB47-3CD40F3B28F1}.Debug|Any CPU.ActiveCfg = Debug|Any CPU
		{8212421E-015F-4517-AB47-3CD40F3B28F1}.Debug|Any CPU.Build.0 = Debug|Any CPU
		{8212421E-015F-4517-AB47-3CD40F3B28F1}.Release|Any CPU.ActiveCfg = Release|Any CPU
		{8212421E-015F-4517-AB47-3CD40F3B28F1}.Release|Any CPU.Build.0 = Release|Any CPU
		{34126F69-5524-4E9B-B0E2-9521F6652F27}.Debug|Any CPU.ActiveCfg = Debug|Any CPU
		{34126F69-5524-4E9B-B0E2-9521F6652F27}.Debug|Any CPU.Build.0 = Debug|Any CPU
		{34126F69-5524-4E9B-B0E2-9521F6652F27}.Release|Any CPU.ActiveCfg = Release|Any CPU
		{34126F69-5524-4E9B-B0E2-9521F6652F27}.Release|Any CPU.Build.0 = Release|Any CPU
		{F8388C6B-DA1C-4C70-8F69-23A83A161F40}.Debug|Any CPU.ActiveCfg = Debug|Any CPU
		{F8388C6B-DA1C-4C70-8F69-23A83A161F40}.Debug|Any CPU.Build.0 = Debug|Any CPU
		{F8388C6B-DA1C-4C70-8F69-23A83A161F40}.Release|Any CPU.ActiveCfg = Release|Any CPU
		{F8388C6B-DA1C-4C70-8F69-23A83A161F40}.Release|Any CPU.Build.0 = Release|Any CPU
	EndGlobalSection
	GlobalSection(SolutionProperties) = preSolution
		HideSolutionNode = FALSE
	EndGlobalSection
	GlobalSection(ExtensibilityGlobals) = postSolution
		SolutionGuid = {D7A4C625-EDE8-4DA3-8FF8-E3FAA92AA900}
	EndGlobalSection
EndGlobal
